// !$*UTF8*$!
{
	archiveVersion = 1;
	classes = {
	};
	objectVersion = 46;
	objects = {

/* Begin PBXBuildFile section */
		0C2C95951A1319B4002CFD08 /* main.m in Sources */ = {isa = PBXBuildFile; fileRef = 0C2C95941A1319B4002CFD08 /* main.m */; };
		0C2C95981A1319B4002CFD08 /* AppDelegate.m in Sources */ = {isa = PBXBuildFile; fileRef = 0C2C95971A1319B4002CFD08 /* AppDelegate.m */; };
		0C2C959E1A1319B4002CFD08 /* Main.storyboard in Resources */ = {isa = PBXBuildFile; fileRef = 0C2C959C1A1319B4002CFD08 /* Main.storyboard */; };
		0C2C95A01A1319B4002CFD08 /* Images.xcassets in Resources */ = {isa = PBXBuildFile; fileRef = 0C2C959F1A1319B4002CFD08 /* Images.xcassets */; };
		0C2C95A31A1319B4002CFD08 /* LaunchScreen.xib in Resources */ = {isa = PBXBuildFile; fileRef = 0C2C95A11A1319B4002CFD08 /* LaunchScreen.xib */; };
		0C2C95AF1A1319B4002CFD08 /* KamcordCCTests.m in Sources */ = {isa = PBXBuildFile; fileRef = 0C2C95AE1A1319B4002CFD08 /* KamcordCCTests.m */; };
		0C76825E1A131E9200E3B77D /* SystemConfiguration.framework in Frameworks */ = {isa = PBXBuildFile; fileRef = 0C76825D1A131E9200E3B77D /* SystemConfiguration.framework */; };
		0C7682611A131EC800E3B77D /* KamcordModel.m in Sources */ = {isa = PBXBuildFile; fileRef = 0C7682601A131EC800E3B77D /* KamcordModel.m */; };
		0C7682681A132EB500E3B77D /* CoreDataTableViewController.m in Sources */ = {isa = PBXBuildFile; fileRef = 0C7682671A132EB500E3B77D /* CoreDataTableViewController.m */; };
		0C7682841A13316800E3B77D /* CoreData.framework in Frameworks */ = {isa = PBXBuildFile; fileRef = 0C7682831A13316800E3B77D /* CoreData.framework */; };
		0CEB274A1A131CC200CAE57F /* TableViewController.m in Sources */ = {isa = PBXBuildFile; fileRef = 0CEB27491A131CC200CAE57F /* TableViewController.m */; };
		E95D35AABD09C7D8636F6B23 /* libPods.a in Frameworks */ = {isa = PBXBuildFile; fileRef = C8B65C6F5CE10B608D46441E /* libPods.a */; };
/* End PBXBuildFile section */

/* Begin PBXContainerItemProxy section */
		0C2C95A91A1319B4002CFD08 /* PBXContainerItemProxy */ = {
			isa = PBXContainerItemProxy;
			containerPortal = 0C2C95871A1319B4002CFD08 /* Project object */;
			proxyType = 1;
			remoteGlobalIDString = 0C2C958E1A1319B4002CFD08;
			remoteInfo = KamcordCC;
		};
/* End PBXContainerItemProxy section */

/* Begin PBXFileReference section */
		0C2C958F1A1319B4002CFD08 /* KamcordCC.app */ = {isa = PBXFileReference; explicitFileType = wrapper.application; includeInIndex = 0; path = KamcordCC.app; sourceTree = BUILT_PRODUCTS_DIR; };
		0C2C95931A1319B4002CFD08 /* Info.plist */ = {isa = PBXFileReference; lastKnownFileType = text.plist.xml; path = Info.plist; sourceTree = "<group>"; };
		0C2C95941A1319B4002CFD08 /* main.m */ = {isa = PBXFileReference; lastKnownFileType = sourcecode.c.objc; path = main.m; sourceTree = "<group>"; };
		0C2C95961A1319B4002CFD08 /* AppDelegate.h */ = {isa = PBXFileReference; lastKnownFileType = sourcecode.c.h; path = AppDelegate.h; sourceTree = "<group>"; };
		0C2C95971A1319B4002CFD08 /* AppDelegate.m */ = {isa = PBXFileReference; lastKnownFileType = sourcecode.c.objc; path = AppDelegate.m; sourceTree = "<group>"; };
		0C2C959D1A1319B4002CFD08 /* Base */ = {isa = PBXFileReference; lastKnownFileType = file.storyboard; name = Base; path = Base.lproj/Main.storyboard; sourceTree = "<group>"; };
		0C2C959F1A1319B4002CFD08 /* Images.xcassets */ = {isa = PBXFileReference; lastKnownFileType = folder.assetcatalog; path = Images.xcassets; sourceTree = "<group>"; };
		0C2C95A21A1319B4002CFD08 /* Base */ = {isa = PBXFileReference; lastKnownFileType = file.xib; name = Base; path = Base.lproj/LaunchScreen.xib; sourceTree = "<group>"; };
		0C2C95A81A1319B4002CFD08 /* KamcordCCTests.xctest */ = {isa = PBXFileReference; explicitFileType = wrapper.cfbundle; includeInIndex = 0; path = KamcordCCTests.xctest; sourceTree = BUILT_PRODUCTS_DIR; };
		0C2C95AD1A1319B4002CFD08 /* Info.plist */ = {isa = PBXFileReference; lastKnownFileType = text.plist.xml; path = Info.plist; sourceTree = "<group>"; };
		0C2C95AE1A1319B4002CFD08 /* KamcordCCTests.m */ = {isa = PBXFileReference; lastKnownFileType = sourcecode.c.objc; path = KamcordCCTests.m; sourceTree = "<group>"; };
		0C76825D1A131E9200E3B77D /* SystemConfiguration.framework */ = {isa = PBXFileReference; lastKnownFileType = wrapper.framework; name = SystemConfiguration.framework; path = System/Library/Frameworks/SystemConfiguration.framework; sourceTree = SDKROOT; };
		0C76825F1A131EC800E3B77D /* KamcordModel.h */ = {isa = PBXFileReference; fileEncoding = 4; lastKnownFileType = sourcecode.c.h; name = KamcordModel.h; path = ../KamcordModel.h; sourceTree = "<group>"; };
		0C7682601A131EC800E3B77D /* KamcordModel.m */ = {isa = PBXFileReference; fileEncoding = 4; lastKnownFileType = sourcecode.c.objc; name = KamcordModel.m; path = ../KamcordModel.m; sourceTree = "<group>"; };
		0C7682661A132EB500E3B77D /* CoreDataTableViewController.h */ = {isa = PBXFileReference; fileEncoding = 4; lastKnownFileType = sourcecode.c.h; path = CoreDataTableViewController.h; sourceTree = "<group>"; };
		0C7682671A132EB500E3B77D /* CoreDataTableViewController.m */ = {isa = PBXFileReference; fileEncoding = 4; lastKnownFileType = sourcecode.c.objc; path = CoreDataTableViewController.m; sourceTree = "<group>"; };
		0C7682831A13316800E3B77D /* CoreData.framework */ = {isa = PBXFileReference; lastKnownFileType = wrapper.framework; name = CoreData.framework; path = System/Library/Frameworks/CoreData.framework; sourceTree = SDKROOT; };
		0CEB27481A131CC200CAE57F /* TableViewController.h */ = {isa = PBXFileReference; fileEncoding = 4; lastKnownFileType = sourcecode.c.h; path = TableViewController.h; sourceTree = "<group>"; };
		0CEB27491A131CC200CAE57F /* TableViewController.m */ = {isa = PBXFileReference; fileEncoding = 4; lastKnownFileType = sourcecode.c.objc; path = TableViewController.m; sourceTree = "<group>"; };
		AB023A48AAF1B136B7474297 /* Pods.debug.xcconfig */ = {isa = PBXFileReference; includeInIndex = 1; lastKnownFileType = text.xcconfig; name = Pods.debug.xcconfig; path = "Pods/Target Support Files/Pods/Pods.debug.xcconfig"; sourceTree = "<group>"; };
		C8B65C6F5CE10B608D46441E /* libPods.a */ = {isa = PBXFileReference; explicitFileType = archive.ar; includeInIndex = 0; path = libPods.a; sourceTree = BUILT_PRODUCTS_DIR; };
		EB339F51C49D85BC27351E46 /* Pods.release.xcconfig */ = {isa = PBXFileReference; includeInIndex = 1; lastKnownFileType = text.xcconfig; name = Pods.release.xcconfig; path = "Pods/Target Support Files/Pods/Pods.release.xcconfig"; sourceTree = "<group>"; };
/* End PBXFileReference section */

/* Begin PBXFrameworksBuildPhase section */
		0C2C958C1A1319B4002CFD08 /* Frameworks */ = {
			isa = PBXFrameworksBuildPhase;
			buildActionMask = 2147483647;
			files = (
				0C7682841A13316800E3B77D /* CoreData.framework in Frameworks */,
				0C76825E1A131E9200E3B77D /* SystemConfiguration.framework in Frameworks */,
				E95D35AABD09C7D8636F6B23 /* libPods.a in Frameworks */,
			);
			runOnlyForDeploymentPostprocessing = 0;
		};
		0C2C95A51A1319B4002CFD08 /* Frameworks */ = {
			isa = PBXFrameworksBuildPhase;
			buildActionMask = 2147483647;
			files = (
			);
			runOnlyForDeploymentPostprocessing = 0;
		};
/* End PBXFrameworksBuildPhase section */

/* Begin PBXGroup section */
		0C2C95861A1319B4002CFD08 = {
			isa = PBXGroup;
			children = (
				0C2C95911A1319B4002CFD08 /* KamcordCC */,
				0C2C95AB1A1319B4002CFD08 /* KamcordCCTests */,
				0C2C95901A1319B4002CFD08 /* Products */,
				602D9B15A0AE064FF825FBB5 /* Pods */,
				65AA6CB9B0D8B6369F610527 /* Frameworks */,
			);
			sourceTree = "<group>";
		};
		0C2C95901A1319B4002CFD08 /* Products */ = {
			isa = PBXGroup;
			children = (
				0C2C958F1A1319B4002CFD08 /* KamcordCC.app */,
				0C2C95A81A1319B4002CFD08 /* KamcordCCTests.xctest */,
			);
			name = Products;
			sourceTree = "<group>";
		};
		0C2C95911A1319B4002CFD08 /* KamcordCC */ = {
			isa = PBXGroup;
			children = (
				0C7682651A132EB500E3B77D /* CDTVC */,
				0C76825F1A131EC800E3B77D /* KamcordModel.h */,
				0C7682601A131EC800E3B77D /* KamcordModel.m */,
				0CEB27481A131CC200CAE57F /* TableViewController.h */,
				0CEB27491A131CC200CAE57F /* TableViewController.m */,
				0C2C95961A1319B4002CFD08 /* AppDelegate.h */,
				0C2C95971A1319B4002CFD08 /* AppDelegate.m */,
				0C2C959C1A1319B4002CFD08 /* Main.storyboard */,
				0C2C959F1A1319B4002CFD08 /* Images.xcassets */,
				0C2C95A11A1319B4002CFD08 /* LaunchScreen.xib */,
				0C2C95921A1319B4002CFD08 /* Supporting Files */,
			);
			path = KamcordCC;
			sourceTree = "<group>";
		};
		0C2C95921A1319B4002CFD08 /* Supporting Files */ = {
			isa = PBXGroup;
			children = (
				0C2C95931A1319B4002CFD08 /* Info.plist */,
				0C2C95941A1319B4002CFD08 /* main.m */,
			);
			name = "Supporting Files";
			sourceTree = "<group>";
		};
		0C2C95AB1A1319B4002CFD08 /* KamcordCCTests */ = {
			isa = PBXGroup;
			children = (
				0C2C95AE1A1319B4002CFD08 /* KamcordCCTests.m */,
				0C2C95AC1A1319B4002CFD08 /* Supporting Files */,
			);
			path = KamcordCCTests;
			sourceTree = "<group>";
		};
		0C2C95AC1A1319B4002CFD08 /* Supporting Files */ = {
			isa = PBXGroup;
			children = (
				0C2C95AD1A1319B4002CFD08 /* Info.plist */,
			);
			name = "Supporting Files";
			sourceTree = "<group>";
		};
		0C7682651A132EB500E3B77D /* CDTVC */ = {
			isa = PBXGroup;
			children = (
				0C7682661A132EB500E3B77D /* CoreDataTableViewController.h */,
				0C7682671A132EB500E3B77D /* CoreDataTableViewController.m */,
			);
			path = CDTVC;
			sourceTree = "<group>";
		};
		602D9B15A0AE064FF825FBB5 /* Pods */ = {
			isa = PBXGroup;
			children = (
				AB023A48AAF1B136B7474297 /* Pods.debug.xcconfig */,
				EB339F51C49D85BC27351E46 /* Pods.release.xcconfig */,
			);
			name = Pods;
			sourceTree = "<group>";
		};
		65AA6CB9B0D8B6369F610527 /* Frameworks */ = {
			isa = PBXGroup;
			children = (
				0C7682831A13316800E3B77D /* CoreData.framework */,
				0C76825D1A131E9200E3B77D /* SystemConfiguration.framework */,
				C8B65C6F5CE10B608D46441E /* libPods.a */,
			);
			name = Frameworks;
			sourceTree = "<group>";
		};
/* End PBXGroup section */

/* Begin PBXNativeTarget section */
		0C2C958E1A1319B4002CFD08 /* KamcordCC */ = {
			isa = PBXNativeTarget;
			buildConfigurationList = 0C2C95B21A1319B4002CFD08 /* Build configuration list for PBXNativeTarget "KamcordCC" */;
			buildPhases = (
				751821D06580EBB85AEA8050 /* Check Pods Manifest.lock */,
				0C2C958B1A1319B4002CFD08 /* Sources */,
				0C2C958C1A1319B4002CFD08 /* Frameworks */,
				0C2C958D1A1319B4002CFD08 /* Resources */,
				6AEC36C4BA8565FC50AEDB6B /* Copy Pods Resources */,
			);
			buildRules = (
			);
			dependencies = (
			);
			name = KamcordCC;
			productName = KamcordCC;
			productReference = 0C2C958F1A1319B4002CFD08 /* KamcordCC.app */;
			productType = "com.apple.product-type.application";
		};
		0C2C95A71A1319B4002CFD08 /* KamcordCCTests */ = {
			isa = PBXNativeTarget;
			buildConfigurationList = 0C2C95B51A1319B4002CFD08 /* Build configuration list for PBXNativeTarget "KamcordCCTests" */;
			buildPhases = (
				0C2C95A41A1319B4002CFD08 /* Sources */,
				0C2C95A51A1319B4002CFD08 /* Frameworks */,
				0C2C95A61A1319B4002CFD08 /* Resources */,
			);
			buildRules = (
			);
			dependencies = (
				0C2C95AA1A1319B4002CFD08 /* PBXTargetDependency */,
			);
			name = KamcordCCTests;
			productName = KamcordCCTests;
			productReference = 0C2C95A81A1319B4002CFD08 /* KamcordCCTests.xctest */;
			productType = "com.apple.product-type.bundle.unit-test";
		};
/* End PBXNativeTarget section */

/* Begin PBXProject section */
		0C2C95871A1319B4002CFD08 /* Project object */ = {
			isa = PBXProject;
			attributes = {
				LastUpgradeCheck = 0610;
				ORGANIZATIONNAME = Schubiner;
				TargetAttributes = {
					0C2C958E1A1319B4002CFD08 = {
						CreatedOnToolsVersion = 6.1;
						DevelopmentTeam = UWJA5A8GH3;
					};
					0C2C95A71A1319B4002CFD08 = {
						CreatedOnToolsVersion = 6.1;
						TestTargetID = 0C2C958E1A1319B4002CFD08;
					};
				};
			};
			buildConfigurationList = 0C2C958A1A1319B4002CFD08 /* Build configuration list for PBXProject "KamcordCC" */;
			compatibilityVersion = "Xcode 3.2";
			developmentRegion = English;
			hasScannedForEncodings = 0;
			knownRegions = (
				en,
				Base,
			);
			mainGroup = 0C2C95861A1319B4002CFD08;
			productRefGroup = 0C2C95901A1319B4002CFD08 /* Products */;
			projectDirPath = "";
			projectRoot = "";
			targets = (
				0C2C958E1A1319B4002CFD08 /* KamcordCC */,
				0C2C95A71A1319B4002CFD08 /* KamcordCCTests */,
			);
		};
/* End PBXProject section */

/* Begin PBXResourcesBuildPhase section */
		0C2C958D1A1319B4002CFD08 /* Resources */ = {
			isa = PBXResourcesBuildPhase;
			buildActionMask = 2147483647;
			files = (
				0C2C959E1A1319B4002CFD08 /* Main.storyboard in Resources */,
				0C2C95A31A1319B4002CFD08 /* LaunchScreen.xib in Resources */,
				0C2C95A01A1319B4002CFD08 /* Images.xcassets in Resources */,
			);
			runOnlyForDeploymentPostprocessing = 0;
		};
		0C2C95A61A1319B4002CFD08 /* Resources */ = {
			isa = PBXResourcesBuildPhase;
			buildActionMask = 2147483647;
			files = (
			);
			runOnlyForDeploymentPostprocessing = 0;
		};
/* End PBXResourcesBuildPhase section */

/* Begin PBXShellScriptBuildPhase section */
		6AEC36C4BA8565FC50AEDB6B /* Copy Pods Resources */ = {
			isa = PBXShellScriptBuildPhase;
			buildActionMask = 2147483647;
			files = (
			);
			inputPaths = (
			);
			name = "Copy Pods Resources";
			outputPaths = (
			);
			runOnlyForDeploymentPostprocessing = 0;
			shellPath = /bin/sh;
			shellScript = "\"${SRCROOT}/Pods/Target Support Files/Pods/Pods-resources.sh\"\n";
			showEnvVarsInLog = 0;
		};
		751821D06580EBB85AEA8050 /* Check Pods Manifest.lock */ = {
			isa = PBXShellScriptBuildPhase;
			buildActionMask = 2147483647;
			files = (
			);
			inputPaths = (
			);
			name = "Check Pods Manifest.lock";
			outputPaths = (
			);
			runOnlyForDeploymentPostprocessing = 0;
			shellPath = /bin/sh;
			shellScript = "diff \"${PODS_ROOT}/../Podfile.lock\" \"${PODS_ROOT}/Manifest.lock\" > /dev/null\nif [[ $? != 0 ]] ; then\n    cat << EOM\nerror: The sandbox is not in sync with the Podfile.lock. Run 'pod install' or update your CocoaPods installation.\nEOM\n    exit 1\nfi\n";
			showEnvVarsInLog = 0;
		};
/* End PBXShellScriptBuildPhase section */

/* Begin PBXSourcesBuildPhase section */
		0C2C958B1A1319B4002CFD08 /* Sources */ = {
			isa = PBXSourcesBuildPhase;
			buildActionMask = 2147483647;
			files = (
				0C2C95981A1319B4002CFD08 /* AppDelegate.m in Sources */,
				0CEB274A1A131CC200CAE57F /* TableViewController.m in Sources */,
				0C7682681A132EB500E3B77D /* CoreDataTableViewController.m in Sources */,
				0C2C95951A1319B4002CFD08 /* main.m in Sources */,
				0C7682611A131EC800E3B77D /* KamcordModel.m in Sources */,
			);
			runOnlyForDeploymentPostprocessing = 0;
		};
		0C2C95A41A1319B4002CFD08 /* Sources */ = {
			isa = PBXSourcesBuildPhase;
			buildActionMask = 2147483647;
			files = (
				0C2C95AF1A1319B4002CFD08 /* KamcordCCTests.m in Sources */,
			);
			runOnlyForDeploymentPostprocessing = 0;
		};
/* End PBXSourcesBuildPhase section */

/* Begin PBXTargetDependency section */
		0C2C95AA1A1319B4002CFD08 /* PBXTargetDependency */ = {
			isa = PBXTargetDependency;
			target = 0C2C958E1A1319B4002CFD08 /* KamcordCC */;
			targetProxy = 0C2C95A91A1319B4002CFD08 /* PBXContainerItemProxy */;
		};
/* End PBXTargetDependency section */

/* Begin PBXVariantGroup section */
		0C2C959C1A1319B4002CFD08 /* Main.storyboard */ = {
			isa = PBXVariantGroup;
			children = (
				0C2C959D1A1319B4002CFD08 /* Base */,
			);
			name = Main.storyboard;
			sourceTree = "<group>";
		};
		0C2C95A11A1319B4002CFD08 /* LaunchScreen.xib */ = {
			isa = PBXVariantGroup;
			children = (
				0C2C95A21A1319B4002CFD08 /* Base */,
			);
			name = LaunchScreen.xib;
			sourceTree = "<group>";
		};
/* End PBXVariantGroup section */

/* Begin XCBuildConfiguration section */
		0C2C95B01A1319B4002CFD08 /* Debug */ = {
			isa = XCBuildConfiguration;
			buildSettings = {
				ALWAYS_SEARCH_USER_PATHS = NO;
				CLANG_CXX_LANGUAGE_STANDARD = "gnu++0x";
				CLANG_CXX_LIBRARY = "libc++";
				CLANG_ENABLE_MODULES = YES;
				CLANG_ENABLE_OBJC_ARC = YES;
				CLANG_WARN_BOOL_CONVERSION = YES;
				CLANG_WARN_CONSTANT_CONVERSION = YES;
				CLANG_WARN_DIRECT_OBJC_ISA_USAGE = YES_ERROR;
				CLANG_WARN_EMPTY_BODY = YES;
				CLANG_WARN_ENUM_CONVERSION = YES;
				CLANG_WARN_INT_CONVERSION = YES;
				CLANG_WARN_OBJC_ROOT_CLASS = YES_ERROR;
				CLANG_WARN_UNREACHABLE_CODE = YES;
				CLANG_WARN__DUPLICATE_METHOD_MATCH = YES;
				"CODE_SIGN_IDENTITY[sdk=iphoneos*]" = "iPhone Developer";
				COPY_PHASE_STRIP = NO;
				ENABLE_STRICT_OBJC_MSGSEND = YES;
				GCC_C_LANGUAGE_STANDARD = gnu99;
				GCC_DYNAMIC_NO_PIC = NO;
				GCC_OPTIMIZATION_LEVEL = 0;
				GCC_PREPROCESSOR_DEFINITIONS = (
					"DEBUG=1",
					"$(inherited)",
				);
				GCC_SYMBOLS_PRIVATE_EXTERN = NO;
				GCC_WARN_64_TO_32_BIT_CONVERSION = YES;
				GCC_WARN_ABOUT_RETURN_TYPE = YES_ERROR;
				GCC_WARN_UNDECLARED_SELECTOR = YES;
				GCC_WARN_UNINITIALIZED_AUTOS = YES_AGGRESSIVE;
				GCC_WARN_UNUSED_FUNCTION = YES;
				GCC_WARN_UNUSED_VARIABLE = YES;
				IPHONEOS_DEPLOYMENT_TARGET = 8.1;
				MTL_ENABLE_DEBUG_INFO = YES;
				ONLY_ACTIVE_ARCH = YES;
				SDKROOT = iphoneos;
			};
			name = Debug;
		};
		0C2C95B11A1319B4002CFD08 /* Release */ = {
			isa = XCBuildConfiguration;
			buildSettings = {
				ALWAYS_SEARCH_USER_PATHS = NO;
				CLANG_CXX_LANGUAGE_STANDARD = "gnu++0x";
				CLANG_CXX_LIBRARY = "libc++";
				CLANG_ENABLE_MODULES = YES;
				CLANG_ENABLE_OBJC_ARC = YES;
				CLANG_WARN_BOOL_CONVERSION = YES;
				CLANG_WARN_CONSTANT_CONVERSION = YES;
				CLANG_WARN_DIRECT_OBJC_ISA_USAGE = YES_ERROR;
				CLANG_WARN_EMPTY_BODY = YES;
				CLANG_WARN_ENUM_CONVERSION = YES;
				CLANG_WARN_INT_CONVERSION = YES;
				CLANG_WARN_OBJC_ROOT_CLASS = YES_ERROR;
				CLANG_WARN_UNREACHABLE_CODE = YES;
				CLANG_WARN__DUPLICATE_METHOD_MATCH = YES;
				"CODE_SIGN_IDENTITY[sdk=iphoneos*]" = "iPhone Developer";
				COPY_PHASE_STRIP = YES;
				ENABLE_NS_ASSERTIONS = NO;
				ENABLE_STRICT_OBJC_MSGSEND = YES;
				GCC_C_LANGUAGE_STANDARD = gnu99;
				GCC_WARN_64_TO_32_BIT_CONVERSION = YES;
				GCC_WARN_ABOUT_RETURN_TYPE = YES_ERROR;
				GCC_WARN_UNDECLARED_SELECTOR = YES;
				GCC_WARN_UNINITIALIZED_AUTOS = YES_AGGRESSIVE;
				GCC_WARN_UNUSED_FUNCTION = YES;
				GCC_WARN_UNUSED_VARIABLE = YES;
				IPHONEOS_DEPLOYMENT_TARGET = 8.1;
				MTL_ENABLE_DEBUG_INFO = NO;
				SDKROOT = iphoneos;
				VALIDATE_PRODUCT = YES;
			};
			name = Release;
		};
		0C2C95B31A1319B4002CFD08 /* Debug */ = {
			isa = XCBuildConfiguration;
			baseConfigurationReference = AB023A48AAF1B136B7474297 /* Pods.debug.xcconfig */;
			buildSettings = {
				ASSETCATALOG_COMPILER_APPICON_NAME = AppIcon;
				CODE_SIGN_IDENTITY = "iPhone Developer";
				"CODE_SIGN_IDENTITY[sdk=iphoneos*]" = "iPhone Developer";
				INFOPLIST_FILE = KamcordCC/Info.plist;
				LD_RUNPATH_SEARCH_PATHS = "$(inherited) @executable_path/Frameworks";
				LIBRARY_SEARCH_PATHS = (
					"$(inherited)",
					"$(PROJECT_DIR)/Pods/build/Debug-iphoneos",
				);
				PRODUCT_NAME = "$(TARGET_NAME)";
				PROVISIONING_PROFILE = "";
			};
			name = Debug;
		};
		0C2C95B41A1319B4002CFD08 /* Release */ = {
			isa = XCBuildConfiguration;
			baseConfigurationReference = EB339F51C49D85BC27351E46 /* Pods.release.xcconfig */;
			buildSettings = {
				ASSETCATALOG_COMPILER_APPICON_NAME = AppIcon;
				CODE_SIGN_IDENTITY = "iPhone Developer";
				"CODE_SIGN_IDENTITY[sdk=iphoneos*]" = "iPhone Developer";
				INFOPLIST_FILE = KamcordCC/Info.plist;
				LD_RUNPATH_SEARCH_PATHS = "$(inherited) @executable_path/Frameworks";
				LIBRARY_SEARCH_PATHS = (
					"$(inherited)",
					"$(PROJECT_DIR)/Pods/build/Debug-iphoneos",
				);
				PRODUCT_NAME = "$(TARGET_NAME)";
				PROVISIONING_PROFILE = "";
			};
			name = Release;
		};
		0C2C95B61A1319B4002CFD08 /* Debug */ = {
			isa = XCBuildConfiguration;
			buildSettings = {
				BUNDLE_LOADER = "$(TEST_HOST)";
				FRAMEWORK_SEARCH_PATHS = (
					"$(SDKROOT)/Developer/Library/Frameworks",
					"$(inherited)",
				);
				GCC_PREPROCESSOR_DEFINITIONS = (
					"DEBUG=1",
					"$(inherited)",
				);
				INFOPLIST_FILE = KamcordCCTests/Info.plist;
				LD_RUNPATH_SEARCH_PATHS = "$(inherited) @executable_path/Frameworks @loader_path/Frameworks";
				PRODUCT_NAME = "$(TARGET_NAME)";
				TEST_HOST = "$(BUILT_PRODUCTS_DIR)/KamcordCC.app/KamcordCC";
			};
			name = Debug;
		};
		0C2C95B71A1319B4002CFD08 /* Release */ = {
			isa = XCBuildConfiguration;
			buildSettings = {
				BUNDLE_LOADER = "$(TEST_HOST)";
				FRAMEWORK_SEARCH_PATHS = (
					"$(SDKROOT)/Developer/Library/Frameworks",
					"$(inherited)",
				);
				INFOPLIST_FILE = KamcordCCTests/Info.plist;
				LD_RUNPATH_SEARCH_PATHS = "$(inherited) @executable_path/Frameworks @loader_path/Frameworks";
				PRODUCT_NAME = "$(TARGET_NAME)";
				TEST_HOST = "$(BUILT_PRODUCTS_DIR)/KamcordCC.app/KamcordCC";
			};
			name = Release;
		};
/* End XCBuildConfiguration section */

/* Begin XCConfigurationList section */
		0C2C958A1A1319B4002CFD08 /* Build configuration list for PBXProject "KamcordCC" */ = {
			isa = XCConfigurationList;
			buildConfigurations = (
				0C2C95B01A1319B4002CFD08 /* Debug */,
				0C2C95B11A1319B4002CFD08 /* Release */,
			);
			defaultConfigurationIsVisible = 0;
			defaultConfigurationName = Release;
		};
		0C2C95B21A1319B4002CFD08 /* Build configuration list for PBXNativeTarget "KamcordCC" */ = {
			isa = XCConfigurationList;
			buildConfigurations = (
				0C2C95B31A1319B4002CFD08 /* Debug */,
				0C2C95B41A1319B4002CFD08 /* Release */,
			);
			defaultConfigurationIsVisible = 0;
			defaultConfigurationName = Release;
		};
		0C2C95B51A1319B4002CFD08 /* Build configuration list for PBXNativeTarget "KamcordCCTests" */ = {
			isa = XCConfigurationList;
			buildConfigurations = (
				0C2C95B61A1319B4002CFD08 /* Debug */,
				0C2C95B71A1319B4002CFD08 /* Release */,
			);
			defaultConfigurationIsVisible = 0;
			defaultConfigurationName = Release;
		};
/* End XCConfigurationList section */
	};
	rootObject = 0C2C95871A1319B4002CFD08 /* Project object */;
}
